
Microsoft Visual Studio Solution File, Format Version 12.00
# Visual Studio Version 16
VisualStudioVersion = 16.0.30804.86
MinimumVisualStudioVersion = 10.0.40219.1
Project("{FAE04EC0-301F-11D3-BF4B-00C04F79EFBC}") = "ToonPenen_Interfaces1", "ToonPenen_Interfaces1\ToonPenen_Interfaces1.csproj", "{C8ED9C89-DE3C-4594-9681-43B2B6B6EF36}"
EndProject
Global
	GlobalSection(SolutionConfigurationPlatforms) = preSolution
		Debug|Any CPU = Debug|Any CPU
		Release|Any CPU = Release|Any CPU
	EndGlobalSection
	GlobalSection(ProjectConfigurationPlatforms) = postSolution
		{C8ED9C89-DE3C-4594-9681-43B2B6B6EF36}.Debug|Any CPU.ActiveCfg = Debug|Any CPU
		{C8ED9C89-DE3C-4594-9681-43B2B6B6EF36}.Debug|Any CPU.Build.0 = Debug|Any CPU
		{C8ED9C89-DE3C-4594-9681-43B2B6B6EF36}.Release|Any CPU.ActiveCfg = Release|Any CPU
		{C8ED9C89-DE3C-4594-9681-43B2B6B6EF36}.Release|Any CPU.Build.0 = Release|Any CPU
	EndGlobalSection
	GlobalSection(SolutionProperties) = preSolution
		HideSolutionNode = FALSE
	EndGlobalSection
	GlobalSection(ExtensibilityGlobals) = postSolution
		SolutionGuid = {D5ED241D-65FF-4FBC-BFA3-A646D6DC12D5}
	EndGlobalSection
EndGlobal
